
Microsoft Visual Studio Solution File, Format Version 12.00
# Visual Studio Version 17
VisualStudioVersion = 17.8.34309.116
MinimumVisualStudioVersion = 10.0.40219.1
Project("{FAE04EC0-301F-11D3-BF4B-00C04F79EFBC}") = "AxiansSample.Web", "AxiansSample.Web.csproj", "{48959AD5-E104-453F-B086-0DC38BB4C0E5}"
EndProject
Global
	GlobalSection(SolutionConfigurationPlatforms) = preSolution
		Debug|Any CPU = Debug|Any CPU
		Release|Any CPU = Release|Any CPU
	EndGlobalSection
	GlobalSection(ProjectConfigurationPlatforms) = postSolution
		{48959AD5-E104-453F-B086-0DC38BB4C0E5}.Debug|Any CPU.ActiveCfg = Debug|Any CPU
		{48959AD5-E104-453F-B086-0DC38BB4C0E5}.Debug|Any CPU.Build.0 = Debug|Any CPU
		{48959AD5-E104-453F-B086-0DC38BB4C0E5}.Release|Any CPU.ActiveCfg = Release|Any CPU
		{48959AD5-E104-453F-B086-0DC38BB4C0E5}.Release|Any CPU.Build.0 = Release|Any CPU
	EndGlobalSection
	GlobalSection(SolutionProperties) = preSolution
		HideSolutionNode = FALSE
	EndGlobalSection
	GlobalSection(ExtensibilityGlobals) = postSolution
		SolutionGuid = {6A00C419-7B42-4CC6-8652-D255B1D1B697}
	EndGlobalSection
EndGlobal
